// !$*UTF8*$!
{
	archiveVersion = 1;
	classes = {
	};
	objectVersion = 50;
	objects = {

/* Begin PBXBuildFile section */
		DC1C160621A66ADC00E2286C /* AppDelegate.swift in Sources */ = {isa = PBXBuildFile; fileRef = DC1C160521A66ADC00E2286C /* AppDelegate.swift */; };
		DC1C160821A66ADC00E2286C /* ViewController.swift in Sources */ = {isa = PBXBuildFile; fileRef = DC1C160721A66ADC00E2286C /* ViewController.swift */; };
		DC1C160B21A66ADC00E2286C /* Main.storyboard in Resources */ = {isa = PBXBuildFile; fileRef = DC1C160921A66ADC00E2286C /* Main.storyboard */; };
		DC1C160D21A66AE100E2286C /* Assets.xcassets in Resources */ = {isa = PBXBuildFile; fileRef = DC1C160C21A66AE100E2286C /* Assets.xcassets */; };
		DC1C161021A66AE100E2286C /* LaunchScreen.storyboard in Resources */ = {isa = PBXBuildFile; fileRef = DC1C160E21A66AE100E2286C /* LaunchScreen.storyboard */; };
		DC1C161B21A66AE100E2286C /* Swift10_MapTests.swift in Sources */ = {isa = PBXBuildFile; fileRef = DC1C161A21A66AE100E2286C /* Swift10_MapTests.swift */; };
		DC1C162621A66AE100E2286C /* Swift10_MapUITests.swift in Sources */ = {isa = PBXBuildFile; fileRef = DC1C162521A66AE100E2286C /* Swift10_MapUITests.swift */; };
		DC1C163421A66BF800E2286C /* MapMarker.swift in Sources */ = {isa = PBXBuildFile; fileRef = DC1C163321A66BF800E2286C /* MapMarker.swift */; };
/* End PBXBuildFile section */

/* Begin PBXContainerItemProxy section */
		DC1C161721A66AE100E2286C /* PBXContainerItemProxy */ = {
			isa = PBXContainerItemProxy;
			containerPortal = DC1C15FA21A66ADC00E2286C /* Project object */;
			proxyType = 1;
			remoteGlobalIDString = DC1C160121A66ADC00E2286C;
			remoteInfo = Swift10_Map;
		};
		DC1C162221A66AE100E2286C /* PBXContainerItemProxy */ = {
			isa = PBXContainerItemProxy;
			containerPortal = DC1C15FA21A66ADC00E2286C /* Project object */;
			proxyType = 1;
			remoteGlobalIDString = DC1C160121A66ADC00E2286C;
			remoteInfo = Swift10_Map;
		};
/* End PBXContainerItemProxy section */

/* Begin PBXFileReference section */
		DC1C160221A66ADC00E2286C /* Swift10_Map.app */ = {isa = PBXFileReference; explicitFileType = wrapper.application; includeInIndex = 0; path = Swift10_Map.app; sourceTree = BUILT_PRODUCTS_DIR; };
		DC1C160521A66ADC00E2286C /* AppDelegate.swift */ = {isa = PBXFileReference; lastKnownFileType = sourcecode.swift; path = AppDelegate.swift; sourceTree = "<group>"; };
		DC1C160721A66ADC00E2286C /* ViewController.swift */ = {isa = PBXFileReference; lastKnownFileType = sourcecode.swift; path = ViewController.swift; sourceTree = "<group>"; };
		DC1C160A21A66ADC00E2286C /* Base */ = {isa = PBXFileReference; lastKnownFileType = file.storyboard; name = Base; path = Base.lproj/Main.storyboard; sourceTree = "<group>"; };
		DC1C160C21A66AE100E2286C /* Assets.xcassets */ = {isa = PBXFileReference; lastKnownFileType = folder.assetcatalog; path = Assets.xcassets; sourceTree = "<group>"; };
		DC1C160F21A66AE100E2286C /* Base */ = {isa = PBXFileReference; lastKnownFileType = file.storyboard; name = Base; path = Base.lproj/LaunchScreen.storyboard; sourceTree = "<group>"; };
		DC1C161121A66AE100E2286C /* Info.plist */ = {isa = PBXFileReference; lastKnownFileType = text.plist.xml; path = Info.plist; sourceTree = "<group>"; };
		DC1C161621A66AE100E2286C /* Swift10_MapTests.xctest */ = {isa = PBXFileReference; explicitFileType = wrapper.cfbundle; includeInIndex = 0; path = Swift10_MapTests.xctest; sourceTree = BUILT_PRODUCTS_DIR; };
		DC1C161A21A66AE100E2286C /* Swift10_MapTests.swift */ = {isa = PBXFileReference; lastKnownFileType = sourcecode.swift; path = Swift10_MapTests.swift; sourceTree = "<group>"; };
		DC1C161C21A66AE100E2286C /* Info.plist */ = {isa = PBXFileReference; lastKnownFileType = text.plist.xml; path = Info.plist; sourceTree = "<group>"; };
		DC1C162121A66AE100E2286C /* Swift10_MapUITests.xctest */ = {isa = PBXFileReference; explicitFileType = wrapper.cfbundle; includeInIndex = 0; path = Swift10_MapUITests.xctest; sourceTree = BUILT_PRODUCTS_DIR; };
		DC1C162521A66AE100E2286C /* Swift10_MapUITests.swift */ = {isa = PBXFileReference; lastKnownFileType = sourcecode.swift; path = Swift10_MapUITests.swift; sourceTree = "<group>"; };
		DC1C162721A66AE100E2286C /* Info.plist */ = {isa = PBXFileReference; lastKnownFileType = text.plist.xml; path = Info.plist; sourceTree = "<group>"; };
		DC1C163321A66BF800E2286C /* MapMarker.swift */ = {isa = PBXFileReference; lastKnownFileType = sourcecode.swift; path = MapMarker.swift; sourceTree = "<group>"; };
/* End PBXFileReference section */

/* Begin PBXFrameworksBuildPhase section */
		DC1C15FF21A66ADC00E2286C /* Frameworks */ = {
			isa = PBXFrameworksBuildPhase;
			buildActionMask = 2147483647;
			files = (
			);
			runOnlyForDeploymentPostprocessing = 0;
		};
		DC1C161321A66AE100E2286C /* Frameworks */ = {
			isa = PBXFrameworksBuildPhase;
			buildActionMask = 2147483647;
			files = (
			);
			runOnlyForDeploymentPostprocessing = 0;
		};
		DC1C161E21A66AE100E2286C /* Frameworks */ = {
			isa = PBXFrameworksBuildPhase;
			buildActionMask = 2147483647;
			files = (
			);
			runOnlyForDeploymentPostprocessing = 0;
		};
/* End PBXFrameworksBuildPhase section */

/* Begin PBXGroup section */
		DC1C15F921A66ADC00E2286C = {
			isa = PBXGroup;
			children = (
				DC1C160421A66ADC00E2286C /* Swift10_Map */,
				DC1C161921A66AE100E2286C /* Swift10_MapTests */,
				DC1C162421A66AE100E2286C /* Swift10_MapUITests */,
				DC1C160321A66ADC00E2286C /* Products */,
			);
			sourceTree = "<group>";
		};
		DC1C160321A66ADC00E2286C /* Products */ = {
			isa = PBXGroup;
			children = (
				DC1C160221A66ADC00E2286C /* Swift10_Map.app */,
				DC1C161621A66AE100E2286C /* Swift10_MapTests.xctest */,
				DC1C162121A66AE100E2286C /* Swift10_MapUITests.xctest */,
			);
			name = Products;
			sourceTree = "<group>";
		};
		DC1C160421A66ADC00E2286C /* Swift10_Map */ = {
			isa = PBXGroup;
			children = (
				DC1C160521A66ADC00E2286C /* AppDelegate.swift */,
				DC1C160721A66ADC00E2286C /* ViewController.swift */,
				DC1C160921A66ADC00E2286C /* Main.storyboard */,
				DC1C160C21A66AE100E2286C /* Assets.xcassets */,
				DC1C160E21A66AE100E2286C /* LaunchScreen.storyboard */,
				DC1C161121A66AE100E2286C /* Info.plist */,
				DC1C163321A66BF800E2286C /* MapMarker.swift */,
			);
			path = Swift10_Map;
			sourceTree = "<group>";
		};
		DC1C161921A66AE100E2286C /* Swift10_MapTests */ = {
			isa = PBXGroup;
			children = (
				DC1C161A21A66AE100E2286C /* Swift10_MapTests.swift */,
				DC1C161C21A66AE100E2286C /* Info.plist */,
			);
			path = Swift10_MapTests;
			sourceTree = "<group>";
		};
		DC1C162421A66AE100E2286C /* Swift10_MapUITests */ = {
			isa = PBXGroup;
			children = (
				DC1C162521A66AE100E2286C /* Swift10_MapUITests.swift */,
				DC1C162721A66AE100E2286C /* Info.plist */,
			);
			path = Swift10_MapUITests;
			sourceTree = "<group>";
		};
/* End PBXGroup section */

/* Begin PBXNativeTarget section */
		DC1C160121A66ADC00E2286C /* Swift10_Map */ = {
			isa = PBXNativeTarget;
			buildConfigurationList = DC1C162A21A66AE100E2286C /* Build configuration list for PBXNativeTarget "Swift10_Map" */;
			buildPhases = (
				DC1C15FE21A66ADC00E2286C /* Sources */,
				DC1C15FF21A66ADC00E2286C /* Frameworks */,
				DC1C160021A66ADC00E2286C /* Resources */,
			);
			buildRules = (
			);
			dependencies = (
			);
			name = Swift10_Map;
			productName = Swift10_Map;
			productReference = DC1C160221A66ADC00E2286C /* Swift10_Map.app */;
			productType = "com.apple.product-type.application";
		};
		DC1C161521A66AE100E2286C /* Swift10_MapTests */ = {
			isa = PBXNativeTarget;
			buildConfigurationList = DC1C162D21A66AE100E2286C /* Build configuration list for PBXNativeTarget "Swift10_MapTests" */;
			buildPhases = (
				DC1C161221A66AE100E2286C /* Sources */,
				DC1C161321A66AE100E2286C /* Frameworks */,
				DC1C161421A66AE100E2286C /* Resources */,
			);
			buildRules = (
			);
			dependencies = (
				DC1C161821A66AE100E2286C /* PBXTargetDependency */,
			);
			name = Swift10_MapTests;
			productName = Swift10_MapTests;
			productReference = DC1C161621A66AE100E2286C /* Swift10_MapTests.xctest */;
			productType = "com.apple.product-type.bundle.unit-test";
		};
		DC1C162021A66AE100E2286C /* Swift10_MapUITests */ = {
			isa = PBXNativeTarget;
			buildConfigurationList = DC1C163021A66AE100E2286C /* Build configuration list for PBXNativeTarget "Swift10_MapUITests" */;
			buildPhases = (
				DC1C161D21A66AE100E2286C /* Sources */,
				DC1C161E21A66AE100E2286C /* Frameworks */,
				DC1C161F21A66AE100E2286C /* Resources */,
			);
			buildRules = (
			);
			dependencies = (
				DC1C162321A66AE100E2286C /* PBXTargetDependency */,
			);
			name = Swift10_MapUITests;
			productName = Swift10_MapUITests;
			productReference = DC1C162121A66AE100E2286C /* Swift10_MapUITests.xctest */;
			productType = "com.apple.product-type.bundle.ui-testing";
		};
/* End PBXNativeTarget section */

/* Begin PBXProject section */
		DC1C15FA21A66ADC00E2286C /* Project object */ = {
			isa = PBXProject;
			attributes = {
				LastSwiftUpdateCheck = 0940;
				LastUpgradeCheck = 0940;
				ORGANIZATIONNAME = 6272;
				TargetAttributes = {
					DC1C160121A66ADC00E2286C = {
						CreatedOnToolsVersion = 9.4.1;
					};
					DC1C161521A66AE100E2286C = {
						CreatedOnToolsVersion = 9.4.1;
						TestTargetID = DC1C160121A66ADC00E2286C;
					};
					DC1C162021A66AE100E2286C = {
						CreatedOnToolsVersion = 9.4.1;
						TestTargetID = DC1C160121A66ADC00E2286C;
					};
				};
			};
			buildConfigurationList = DC1C15FD21A66ADC00E2286C /* Build configuration list for PBXProject "Swift10_Map" */;
			compatibilityVersion = "Xcode 9.3";
			developmentRegion = en;
			hasScannedForEncodings = 0;
			knownRegions = (
				en,
				Base,
			);
			mainGroup = DC1C15F921A66ADC00E2286C;
			productRefGroup = DC1C160321A66ADC00E2286C /* Products */;
			projectDirPath = "";
			projectRoot = "";
			targets = (
				DC1C160121A66ADC00E2286C /* Swift10_Map */,
				DC1C161521A66AE100E2286C /* Swift10_MapTests */,
				DC1C162021A66AE100E2286C /* Swift10_MapUITests */,
			);
		};
/* End PBXProject section */

/* Begin PBXResourcesBuildPhase section */
		DC1C160021A66ADC00E2286C /* Resources */ = {
			isa = PBXResourcesBuildPhase;
			buildActionMask = 2147483647;
			files = (
				DC1C161021A66AE100E2286C /* LaunchScreen.storyboard in Resources */,
				DC1C160D21A66AE100E2286C /* Assets.xcassets in Resources */,
				DC1C160B21A66ADC00E2286C /* Main.storyboard in Resources */,
			);
			runOnlyForDeploymentPostprocessing = 0;
		};
		DC1C161421A66AE100E2286C /* Resources */ = {
			isa = PBXResourcesBuildPhase;
			buildActionMask = 2147483647;
			files = (
			);
			runOnlyForDeploymentPostprocessing = 0;
		};
		DC1C161F21A66AE100E2286C /* Resources */ = {
			isa = PBXResourcesBuildPhase;
			buildActionMask = 2147483647;
			files = (
			);
			runOnlyForDeploymentPostprocessing = 0;
		};
/* End PBXResourcesBuildPhase section */

/* Begin PBXSourcesBuildPhase section */
		DC1C15FE21A66ADC00E2286C /* Sources */ = {
			isa = PBXSourcesBuildPhase;
			buildActionMask = 2147483647;
			files = (
				DC1C160821A66ADC00E2286C /* ViewController.swift in Sources */,
				DC1C160621A66ADC00E2286C /* AppDelegate.swift in Sources */,
				DC1C163421A66BF800E2286C /* MapMarker.swift in Sources */,
			);
			runOnlyForDeploymentPostprocessing = 0;
		};
		DC1C161221A66AE100E2286C /* Sources */ = {
			isa = PBXSourcesBuildPhase;
			buildActionMask = 2147483647;
			files = (
				DC1C161B21A66AE100E2286C /* Swift10_MapTests.swift in Sources */,
			);
			runOnlyForDeploymentPostprocessing = 0;
		};
		DC1C161D21A66AE100E2286C /* Sources */ = {
			isa = PBXSourcesBuildPhase;
			buildActionMask = 2147483647;
			files = (
				DC1C162621A66AE100E2286C /* Swift10_MapUITests.swift in Sources */,
			);
			runOnlyForDeploymentPostprocessing = 0;
		};
/* End PBXSourcesBuildPhase section */

/* Begin PBXTargetDependency section */
		DC1C161821A66AE100E2286C /* PBXTargetDependency */ = {
			isa = PBXTargetDependency;
			target = DC1C160121A66ADC00E2286C /* Swift10_Map */;
			targetProxy = DC1C161721A66AE100E2286C /* PBXContainerItemProxy */;
		};
		DC1C162321A66AE100E2286C /* PBXTargetDependency */ = {
			isa = PBXTargetDependency;
			target = DC1C160121A66ADC00E2286C /* Swift10_Map */;
			targetProxy = DC1C162221A66AE100E2286C /* PBXContainerItemProxy */;
		};
/* End PBXTargetDependency section */

/* Begin PBXVariantGroup section */
		DC1C160921A66ADC00E2286C /* Main.storyboard */ = {
			isa = PBXVariantGroup;
			children = (
				DC1C160A21A66ADC00E2286C /* Base */,
			);
			name = Main.storyboard;
			sourceTree = "<group>";
		};
		DC1C160E21A66AE100E2286C /* LaunchScreen.storyboard */ = {
			isa = PBXVariantGroup;
			children = (
				DC1C160F21A66AE100E2286C /* Base */,
			);
			name = LaunchScreen.storyboard;
			sourceTree = "<group>";
		};
/* End PBXVariantGroup section */

/* Begin XCBuildConfiguration section */
		DC1C162821A66AE100E2286C /* Debug */ = {
			isa = XCBuildConfiguration;
			buildSettings = {
				ALWAYS_SEARCH_USER_PATHS = NO;
				CLANG_ANALYZER_NONNULL = YES;
				CLANG_ANALYZER_NUMBER_OBJECT_CONVERSION = YES_AGGRESSIVE;
				CLANG_CXX_LANGUAGE_STANDARD = "gnu++14";
				CLANG_CXX_LIBRARY = "libc++";
				CLANG_ENABLE_MODULES = YES;
				CLANG_ENABLE_OBJC_ARC = YES;
				CLANG_ENABLE_OBJC_WEAK = YES;
				CLANG_WARN_BLOCK_CAPTURE_AUTORELEASING = YES;
				CLANG_WARN_BOOL_CONVERSION = YES;
				CLANG_WARN_COMMA = YES;
				CLANG_WARN_CONSTANT_CONVERSION = YES;
				CLANG_WARN_DEPRECATED_OBJC_IMPLEMENTATIONS = YES;
				CLANG_WARN_DIRECT_OBJC_ISA_USAGE = YES_ERROR;
				CLANG_WARN_DOCUMENTATION_COMMENTS = YES;
				CLANG_WARN_EMPTY_BODY = YES;
				CLANG_WARN_ENUM_CONVERSION = YES;
				CLANG_WARN_INFINITE_RECURSION = YES;
				CLANG_WARN_INT_CONVERSION = YES;
				CLANG_WARN_NON_LITERAL_NULL_CONVERSION = YES;
				CLANG_WARN_OBJC_IMPLICIT_RETAIN_SELF = YES;
				CLANG_WARN_OBJC_LITERAL_CONVERSION = YES;
				CLANG_WARN_OBJC_ROOT_CLASS = YES_ERROR;
				CLANG_WARN_RANGE_LOOP_ANALYSIS = YES;
				CLANG_WARN_STRICT_PROTOTYPES = YES;
				CLANG_WARN_SUSPICIOUS_MOVE = YES;
				CLANG_WARN_UNGUARDED_AVAILABILITY = YES_AGGRESSIVE;
				CLANG_WARN_UNREACHABLE_CODE = YES;
				CLANG_WARN__DUPLICATE_METHOD_MATCH = YES;
				CODE_SIGN_IDENTITY = "iPhone Developer";
				COPY_PHASE_STRIP = NO;
				DEBUG_INFORMATION_FORMAT = dwarf;
				ENABLE_STRICT_OBJC_MSGSEND = YES;
				ENABLE_TESTABILITY = YES;
				GCC_C_LANGUAGE_STANDARD = gnu11;
				GCC_DYNAMIC_NO_PIC = NO;
				GCC_NO_COMMON_BLOCKS = YES;
				GCC_OPTIMIZATION_LEVEL = 0;
				GCC_PREPROCESSOR_DEFINITIONS = (
					"DEBUG=1",
					"$(inherited)",
				);
				GCC_WARN_64_TO_32_BIT_CONVERSION = YES;
				GCC_WARN_ABOUT_RETURN_TYPE = YES_ERROR;
				GCC_WARN_UNDECLARED_SELECTOR = YES;
				GCC_WARN_UNINITIALIZED_AUTOS = YES_AGGRESSIVE;
				GCC_WARN_UNUSED_FUNCTION = YES;
				GCC_WARN_UNUSED_VARIABLE = YES;
				IPHONEOS_DEPLOYMENT_TARGET = 11.4;
				MTL_ENABLE_DEBUG_INFO = YES;
				ONLY_ACTIVE_ARCH = YES;
				SDKROOT = iphoneos;
				SWIFT_ACTIVE_COMPILATION_CONDITIONS = DEBUG;
				SWIFT_OPTIMIZATION_LEVEL = "-Onone";
			};
			name = Debug;
		};
		DC1C162921A66AE100E2286C /* Release */ = {
			isa = XCBuildConfiguration;
			buildSettings = {
				ALWAYS_SEARCH_USER_PATHS = NO;
				CLANG_ANALYZER_NONNULL = YES;
				CLANG_ANALYZER_NUMBER_OBJECT_CONVERSION = YES_AGGRESSIVE;
				CLANG_CXX_LANGUAGE_STANDARD = "gnu++14";
				CLANG_CXX_LIBRARY = "libc++";
				CLANG_ENABLE_MODULES = YES;
				CLANG_ENABLE_OBJC_ARC = YES;
				CLANG_ENABLE_OBJC_WEAK = YES;
				CLANG_WARN_BLOCK_CAPTURE_AUTORELEASING = YES;
				CLANG_WARN_BOOL_CONVERSION = YES;
				CLANG_WARN_COMMA = YES;
				CLANG_WARN_CONSTANT_CONVERSION = YES;
				CLANG_WARN_DEPRECATED_OBJC_IMPLEMENTATIONS = YES;
				CLANG_WARN_DIRECT_OBJC_ISA_USAGE = YES_ERROR;
				CLANG_WARN_DOCUMENTATION_COMMENTS = YES;
				CLANG_WARN_EMPTY_BODY = YES;
				CLANG_WARN_ENUM_CONVERSION = YES;
				CLANG_WARN_INFINITE_RECURSION = YES;
				CLANG_WARN_INT_CONVERSION = YES;
				CLANG_WARN_NON_LITERAL_NULL_CONVERSION = YES;
				CLANG_WARN_OBJC_IMPLICIT_RETAIN_SELF = YES;
				CLANG_WARN_OBJC_LITERAL_CONVERSION = YES;
				CLANG_WARN_OBJC_ROOT_CLASS = YES_ERROR;
				CLANG_WARN_RANGE_LOOP_ANALYSIS = YES;
				CLANG_WARN_STRICT_PROTOTYPES = YES;
				CLANG_WARN_SUSPICIOUS_MOVE = YES;
				CLANG_WARN_UNGUARDED_AVAILABILITY = YES_AGGRESSIVE;
				CLANG_WARN_UNREACHABLE_CODE = YES;
				CLANG_WARN__DUPLICATE_METHOD_MATCH = YES;
				CODE_SIGN_IDENTITY = "iPhone Developer";
				COPY_PHASE_STRIP = NO;
				DEBUG_INFORMATION_FORMAT = "dwarf-with-dsym";
				ENABLE_NS_ASSERTIONS = NO;
				ENABLE_STRICT_OBJC_MSGSEND = YES;
				GCC_C_LANGUAGE_STANDARD = gnu11;
				GCC_NO_COMMON_BLOCKS = YES;
				GCC_WARN_64_TO_32_BIT_CONVERSION = YES;
				GCC_WARN_ABOUT_RETURN_TYPE = YES_ERROR;
				GCC_WARN_UNDECLARED_SELECTOR = YES;
				GCC_WARN_UNINITIALIZED_AUTOS = YES_AGGRESSIVE;
				GCC_WARN_UNUSED_FUNCTION = YES;
				GCC_WARN_UNUSED_VARIABLE = YES;
				IPHONEOS_DEPLOYMENT_TARGET = 11.4;
				MTL_ENABLE_DEBUG_INFO = NO;
				SDKROOT = iphoneos;
				SWIFT_COMPILATION_MODE = wholemodule;
				SWIFT_OPTIMIZATION_LEVEL = "-O";
				VALIDATE_PRODUCT = YES;
			};
			name = Release;
		};
		DC1C162B21A66AE100E2286C /* Debug */ = {
			isa = XCBuildConfiguration;
			buildSettings = {
				ASSETCATALOG_COMPILER_APPICON_NAME = AppIcon;
				CODE_SIGN_STYLE = Automatic;
				INFOPLIST_FILE = Swift10_Map/Info.plist;
				LD_RUNPATH_SEARCH_PATHS = (
					"$(inherited)",
					"@executable_path/Frameworks",
				);
				PRODUCT_BUNDLE_IDENTIFIER = "ex19.Swift10-Map";
				PRODUCT_NAME = "$(TARGET_NAME)";
				SWIFT_VERSION = 4.0;
				TARGETED_DEVICE_FAMILY = "1,2";
			};
			name = Debug;
		};
		DC1C162C21A66AE100E2286C /* Release */ = {
			isa = XCBuildConfiguration;
			buildSettings = {
				ASSETCATALOG_COMPILER_APPICON_NAME = AppIcon;
				CODE_SIGN_STYLE = Automatic;
				INFOPLIST_FILE = Swift10_Map/Info.plist;
				LD_RUNPATH_SEARCH_PATHS = (
					"$(inherited)",
					"@executable_path/Frameworks",
				);
				PRODUCT_BUNDLE_IDENTIFIER = "ex19.Swift10-Map";
				PRODUCT_NAME = "$(TARGET_NAME)";
				SWIFT_VERSION = 4.0;
				TARGETED_DEVICE_FAMILY = "1,2";
			};
			name = Release;
		};
		DC1C162E21A66AE100E2286C /* Debug */ = {
			isa = XCBuildConfiguration;
			buildSettings = {
				ALWAYS_EMBED_SWIFT_STANDARD_LIBRARIES = YES;
				BUNDLE_LOADER = "$(TEST_HOST)";
				CODE_SIGN_STYLE = Automatic;
				INFOPLIST_FILE = Swift10_MapTests/Info.plist;
				LD_RUNPATH_SEARCH_PATHS = (
					"$(inherited)",
					"@executable_path/Frameworks",
					"@loader_path/Frameworks",
				);
				PRODUCT_BUNDLE_IDENTIFIER = "ex19.Swift10-MapTests";
				PRODUCT_NAME = "$(TARGET_NAME)";
				SWIFT_VERSION = 4.0;
				TARGETED_DEVICE_FAMILY = "1,2";
				TEST_HOST = "$(BUILT_PRODUCTS_DIR)/Swift10_Map.app/Swift10_Map";
			};
			name = Debug;
		};
		DC1C162F21A66AE100E2286C /* Release */ = {
			isa = XCBuildConfiguration;
			buildSettings = {
				ALWAYS_EMBED_SWIFT_STANDARD_LIBRARIES = YES;
				BUNDLE_LOADER = "$(TEST_HOST)";
				CODE_SIGN_STYLE = Automatic;
				INFOPLIST_FILE = Swift10_MapTests/Info.plist;
				LD_RUNPATH_SEARCH_PATHS = (
					"$(inherited)",
					"@executable_path/Frameworks",
					"@loader_path/Frameworks",
				);
				PRODUCT_BUNDLE_IDENTIFIER = "ex19.Swift10-MapTests";
				PRODUCT_NAME = "$(TARGET_NAME)";
				SWIFT_VERSION = 4.0;
				TARGETED_DEVICE_FAMILY = "1,2";
				TEST_HOST = "$(BUILT_PRODUCTS_DIR)/Swift10_Map.app/Swift10_Map";
			};
			name = Release;
		};
		DC1C163121A66AE100E2286C /* Debug */ = {
			isa = XCBuildConfiguration;
			buildSettings = {
				ALWAYS_EMBED_SWIFT_STANDARD_LIBRARIES = YES;
				CODE_SIGN_STYLE = Automatic;
				INFOPLIST_FILE = Swift10_MapUITests/Info.plist;
				LD_RUNPATH_SEARCH_PATHS = (
					"$(inherited)",
					"@executable_path/Frameworks",
					"@loader_path/Frameworks",
				);
				PRODUCT_BUNDLE_IDENTIFIER = "ex19.Swift10-MapUITests";
				PRODUCT_NAME = "$(TARGET_NAME)";
				SWIFT_VERSION = 4.0;
				TARGETED_DEVICE_FAMILY = "1,2";
				TEST_TARGET_NAME = Swift10_Map;
			};
			name = Debug;
		};
		DC1C163221A66AE100E2286C /* Release */ = {
			isa = XCBuildConfiguration;
			buildSettings = {
				ALWAYS_EMBED_SWIFT_STANDARD_LIBRARIES = YES;
				CODE_SIGN_STYLE = Automatic;
				INFOPLIST_FILE = Swift10_MapUITests/Info.plist;
				LD_RUNPATH_SEARCH_PATHS = (
					"$(inherited)",
					"@executable_path/Frameworks",
					"@loader_path/Frameworks",
				);
				PRODUCT_BUNDLE_IDENTIFIER = "ex19.Swift10-MapUITests";
				PRODUCT_NAME = "$(TARGET_NAME)";
				SWIFT_VERSION = 4.0;
				TARGETED_DEVICE_FAMILY = "1,2";
				TEST_TARGET_NAME = Swift10_Map;
			};
			name = Release;
		};
/* End XCBuildConfiguration section */

/* Begin XCConfigurationList section */
		DC1C15FD21A66ADC00E2286C /* Build configuration list for PBXProject "Swift10_Map" */ = {
			isa = XCConfigurationList;
			buildConfigurations = (
				DC1C162821A66AE100E2286C /* Debug */,
				DC1C162921A66AE100E2286C /* Release */,
			);
			defaultConfigurationIsVisible = 0;
			defaultConfigurationName = Release;
		};
		DC1C162A21A66AE100E2286C /* Build configuration list for PBXNativeTarget "Swift10_Map" */ = {
			isa = XCConfigurationList;
			buildConfigurations = (
				DC1C162B21A66AE100E2286C /* Debug */,
				DC1C162C21A66AE100E2286C /* Release */,
			);
			defaultConfigurationIsVisible = 0;
			defaultConfigurationName = Release;
		};
		DC1C162D21A66AE100E2286C /* Build configuration list for PBXNativeTarget "Swift10_MapTests" */ = {
			isa = XCConfigurationList;
			buildConfigurations = (
				DC1C162E21A66AE100E2286C /* Debug */,
				DC1C162F21A66AE100E2286C /* Release */,
			);
			defaultConfigurationIsVisible = 0;
			defaultConfigurationName = Release;
		};
		DC1C163021A66AE100E2286C /* Build configuration list for PBXNativeTarget "Swift10_MapUITests" */ = {
			isa = XCConfigurationList;
			buildConfigurations = (
				DC1C163121A66AE100E2286C /* Debug */,
				DC1C163221A66AE100E2286C /* Release */,
			);
			defaultConfigurationIsVisible = 0;
			defaultConfigurationName = Release;
		};
/* End XCConfigurationList section */
	};
	rootObject = DC1C15FA21A66ADC00E2286C /* Project object */;
}
